
Microsoft Visual Studio Solution File, Format Version 12.00
# Visual Studio Version 17
VisualStudioVersion = 17.6.33829.357
MinimumVisualStudioVersion = 10.0.40219.1
Project("{FAE04EC0-301F-11D3-BF4B-00C04F79EFBC}") = "DemoEL", "DemoEL\DemoEL.csproj", "{54199817-6CF6-479B-837C-EA40A41F95E2}"
EndProject
Project("{FAE04EC0-301F-11D3-BF4B-00C04F79EFBC}") = "DemoBLL", "DemoBLL\DemoBLL.csproj", "{257B1325-9E35-499A-8C0F-D27B252BD1B8}"
EndProject
Project("{FAE04EC0-301F-11D3-BF4B-00C04F79EFBC}") = "DemoDAL", "DemoDAL\DemoDAL.csproj", "{DFBAFD2D-13E6-4EDC-B744-D68ADEFD2D01}"
EndProject
Global
	GlobalSection(SolutionConfigurationPlatforms) = preSolution
		Debug|Any CPU = Debug|Any CPU
		Release|Any CPU = Release|Any CPU
	EndGlobalSection
	GlobalSection(ProjectConfigurationPlatforms) = postSolution
		{54199817-6CF6-479B-837C-EA40A41F95E2}.Debug|Any CPU.ActiveCfg = Debug|Any CPU
		{54199817-6CF6-479B-837C-EA40A41F95E2}.Debug|Any CPU.Build.0 = Debug|Any CPU
		{54199817-6CF6-479B-837C-EA40A41F95E2}.Release|Any CPU.ActiveCfg = Release|Any CPU
		{54199817-6CF6-479B-837C-EA40A41F95E2}.Release|Any CPU.Build.0 = Release|Any CPU
		{257B1325-9E35-499A-8C0F-D27B252BD1B8}.Debug|Any CPU.ActiveCfg = Debug|Any CPU
		{257B1325-9E35-499A-8C0F-D27B252BD1B8}.Debug|Any CPU.Build.0 = Debug|Any CPU
		{257B1325-9E35-499A-8C0F-D27B252BD1B8}.Release|Any CPU.ActiveCfg = Release|Any CPU
		{257B1325-9E35-499A-8C0F-D27B252BD1B8}.Release|Any CPU.Build.0 = Release|Any CPU
		{DFBAFD2D-13E6-4EDC-B744-D68ADEFD2D01}.Debug|Any CPU.ActiveCfg = Debug|Any CPU
		{DFBAFD2D-13E6-4EDC-B744-D68ADEFD2D01}.Debug|Any CPU.Build.0 = Debug|Any CPU
		{DFBAFD2D-13E6-4EDC-B744-D68ADEFD2D01}.Release|Any CPU.ActiveCfg = Release|Any CPU
		{DFBAFD2D-13E6-4EDC-B744-D68ADEFD2D01}.Release|Any CPU.Build.0 = Release|Any CPU
	EndGlobalSection
	GlobalSection(SolutionProperties) = preSolution
		HideSolutionNode = FALSE
	EndGlobalSection
	GlobalSection(ExtensibilityGlobals) = postSolution
		SolutionGuid = {18523346-3729-4F5A-98DE-4A52C598570F}
	EndGlobalSection
EndGlobal
